<?xml version="1.0" encoding="utf-8"?>
<Project ToolsVersion="4.0" xmlns="http://schemas.microsoft.com/developer/msbuild/2003">
  <ItemGroup>
    <Filter Include="Skibbidy">
      <UniqueIdentifier>{3648B53D-2215-1049-4B2E-FEF0375A45D7}</UniqueIdentifier>
    </Filter>
  </ItemGroup>
  <ItemGroup>
    <ClInclude Include="src\Skibbidy.h" />
    <ClInclude Include="src\Skibbidy\Application.h">
      <Filter>Skibbidy</Filter>
    </ClInclude>
    <ClInclude Include="src\Skibbidy\Core.h">
      <Filter>Skibbidy</Filter>
    </ClInclude>
    <ClInclude Include="src\Skibbidy\EntryPoint.h">
      <Filter>Skibbidy</Filter>
    </ClInclude>
    <ClInclude Include="src\Skibbidy\Log.h">
      <Filter>Skibbidy</Filter>
    </ClInclude>
  </ItemGroup>
  <ItemGroup>
    <ClCompile Include="src\Skibbidy\Application.cpp">
      <Filter>Skibbidy</Filter>
    </ClCompile>
    <ClCompile Include="src\Skibbidy\Log.cpp">
      <Filter>Skibbidy</Filter>
    </ClCompile>
  </ItemGroup>
</Project>